// !$*UTF8*$!
{
	archiveVersion = 1;
	classes = {
	};
	objectVersion = 51;
	objects = {

/* Begin PBXBuildFile section */
		2577E0D5BD07E24A9F67D1B8 /* Pods_MyNews.framework in Frameworks */ = {isa = PBXBuildFile; fileRef = F1E572535EBD6ED93FBA369A /* Pods_MyNews.framework */; };
		6414012022F43D1E003241A7 /* MenuTableViewCell.swift in Sources */ = {isa = PBXBuildFile; fileRef = 6414011F22F43D1E003241A7 /* MenuTableViewCell.swift */; };
		6414012222F458D2003241A7 /* NewsViewController.swift in Sources */ = {isa = PBXBuildFile; fileRef = 6414012122F458D2003241A7 /* NewsViewController.swift */; };
		6414012422F458EC003241A7 /* SourcesViewController.swift in Sources */ = {isa = PBXBuildFile; fileRef = 6414012322F458EC003241A7 /* SourcesViewController.swift */; };
		6414012622F458FB003241A7 /* WeatherViewController.swift in Sources */ = {isa = PBXBuildFile; fileRef = 6414012522F458FB003241A7 /* WeatherViewController.swift */; };
		6414012822F45909003241A7 /* ProfileViewController.swift in Sources */ = {isa = PBXBuildFile; fileRef = 6414012722F45909003241A7 /* ProfileViewController.swift */; };
		6414012B22F48AD8003241A7 /* CountryCell.swift in Sources */ = {isa = PBXBuildFile; fileRef = 6414012A22F48AD8003241A7 /* CountryCell.swift */; };
		6422F3B022F8B6F1005A625C /* NewsCell.swift in Sources */ = {isa = PBXBuildFile; fileRef = 6422F3AF22F8B6F0005A625C /* NewsCell.swift */; };
		6436FB4822F85B2100022432 /* SourcesCell.swift in Sources */ = {isa = PBXBuildFile; fileRef = 6436FB4722F85B2100022432 /* SourcesCell.swift */; };
		64491F7222F33FAE009360DF /* HomeViewController.swift in Sources */ = {isa = PBXBuildFile; fileRef = 64491F7122F33FAE009360DF /* HomeViewController.swift */; };
		64491F7422F33FBF009360DF /* MenuViewController.swift in Sources */ = {isa = PBXBuildFile; fileRef = 64491F7322F33FBF009360DF /* MenuViewController.swift */; };
		64491F7622F33FFA009360DF /* ContainerViewController.swift in Sources */ = {isa = PBXBuildFile; fileRef = 64491F7522F33FFA009360DF /* ContainerViewController.swift */; };
		64491F7822F347EF009360DF /* Protocols.swift in Sources */ = {isa = PBXBuildFile; fileRef = 64491F7722F347EF009360DF /* Protocols.swift */; };
		64B0A2F822F9F22000B27029 /* LoadingCell.xib in Resources */ = {isa = PBXBuildFile; fileRef = 64B0A2F722F9F21F00B27029 /* LoadingCell.xib */; };
		64B0A2FA22F9F2C900B27029 /* LoadingCell.swift in Sources */ = {isa = PBXBuildFile; fileRef = 64B0A2F922F9F2C900B27029 /* LoadingCell.swift */; };
		64B6276522F1BFE400EDDBD9 /* AppDelegate.swift in Sources */ = {isa = PBXBuildFile; fileRef = 64B6276422F1BFE400EDDBD9 /* AppDelegate.swift */; };
		64B6276722F1BFE400EDDBD9 /* ViewController.swift in Sources */ = {isa = PBXBuildFile; fileRef = 64B6276622F1BFE400EDDBD9 /* ViewController.swift */; };
		64B6276A22F1BFE400EDDBD9 /* Main.storyboard in Resources */ = {isa = PBXBuildFile; fileRef = 64B6276822F1BFE400EDDBD9 /* Main.storyboard */; };
		64B6276C22F1BFEA00EDDBD9 /* Assets.xcassets in Resources */ = {isa = PBXBuildFile; fileRef = 64B6276B22F1BFEA00EDDBD9 /* Assets.xcassets */; };
		64B6276F22F1BFEA00EDDBD9 /* LaunchScreen.storyboard in Resources */ = {isa = PBXBuildFile; fileRef = 64B6276D22F1BFEA00EDDBD9 /* LaunchScreen.storyboard */; };
		64B6277722F1C0D100EDDBD9 /* GoogleService-Info.plist in Resources */ = {isa = PBXBuildFile; fileRef = 64B6277622F1C0D100EDDBD9 /* GoogleService-Info.plist */; };
		64BA7C9622F7011A0063D5A4 /* RequestsManager.swift in Sources */ = {isa = PBXBuildFile; fileRef = 64BA7C9522F7011A0063D5A4 /* RequestsManager.swift */; };
		64BA7C9822F70A440063D5A4 /* WeatherTableViewCell.swift in Sources */ = {isa = PBXBuildFile; fileRef = 64BA7C9722F70A440063D5A4 /* WeatherTableViewCell.swift */; };
		64EB615222F1D98D0020C52C /* SignUpViewController.swift in Sources */ = {isa = PBXBuildFile; fileRef = 64EB615122F1D98D0020C52C /* SignUpViewController.swift */; };
/* End PBXBuildFile section */

/* Begin PBXFileReference section */
		203954362D0941B20C929CDF /* Pods-MyNews.release.xcconfig */ = {isa = PBXFileReference; includeInIndex = 1; lastKnownFileType = text.xcconfig; name = "Pods-MyNews.release.xcconfig"; path = "Target Support Files/Pods-MyNews/Pods-MyNews.release.xcconfig"; sourceTree = "<group>"; };
		6414011F22F43D1E003241A7 /* MenuTableViewCell.swift */ = {isa = PBXFileReference; lastKnownFileType = sourcecode.swift; path = MenuTableViewCell.swift; sourceTree = "<group>"; };
		6414012122F458D2003241A7 /* NewsViewController.swift */ = {isa = PBXFileReference; lastKnownFileType = sourcecode.swift; path = NewsViewController.swift; sourceTree = "<group>"; };
		6414012322F458EC003241A7 /* SourcesViewController.swift */ = {isa = PBXFileReference; lastKnownFileType = sourcecode.swift; path = SourcesViewController.swift; sourceTree = "<group>"; };
		6414012522F458FB003241A7 /* WeatherViewController.swift */ = {isa = PBXFileReference; lastKnownFileType = sourcecode.swift; path = WeatherViewController.swift; sourceTree = "<group>"; };
		6414012722F45909003241A7 /* ProfileViewController.swift */ = {isa = PBXFileReference; lastKnownFileType = sourcecode.swift; path = ProfileViewController.swift; sourceTree = "<group>"; };
		6414012A22F48AD8003241A7 /* CountryCell.swift */ = {isa = PBXFileReference; lastKnownFileType = sourcecode.swift; path = CountryCell.swift; sourceTree = "<group>"; };
		6422F3AF22F8B6F0005A625C /* NewsCell.swift */ = {isa = PBXFileReference; lastKnownFileType = sourcecode.swift; path = NewsCell.swift; sourceTree = "<group>"; };
		6436FB4722F85B2100022432 /* SourcesCell.swift */ = {isa = PBXFileReference; lastKnownFileType = sourcecode.swift; path = SourcesCell.swift; sourceTree = "<group>"; };
		64491F7122F33FAE009360DF /* HomeViewController.swift */ = {isa = PBXFileReference; lastKnownFileType = sourcecode.swift; path = HomeViewController.swift; sourceTree = "<group>"; };
		64491F7322F33FBF009360DF /* MenuViewController.swift */ = {isa = PBXFileReference; lastKnownFileType = sourcecode.swift; path = MenuViewController.swift; sourceTree = "<group>"; };
		64491F7522F33FFA009360DF /* ContainerViewController.swift */ = {isa = PBXFileReference; lastKnownFileType = sourcecode.swift; path = ContainerViewController.swift; sourceTree = "<group>"; };
		64491F7722F347EF009360DF /* Protocols.swift */ = {isa = PBXFileReference; lastKnownFileType = sourcecode.swift; path = Protocols.swift; sourceTree = "<group>"; };
		64B0A2F722F9F21F00B27029 /* LoadingCell.xib */ = {isa = PBXFileReference; lastKnownFileType = file.xib; path = LoadingCell.xib; sourceTree = "<group>"; };
		64B0A2F922F9F2C900B27029 /* LoadingCell.swift */ = {isa = PBXFileReference; lastKnownFileType = sourcecode.swift; path = LoadingCell.swift; sourceTree = "<group>"; };
		64B6276122F1BFE400EDDBD9 /* MyNews.app */ = {isa = PBXFileReference; explicitFileType = wrapper.application; includeInIndex = 0; path = MyNews.app; sourceTree = BUILT_PRODUCTS_DIR; };
		64B6276422F1BFE400EDDBD9 /* AppDelegate.swift */ = {isa = PBXFileReference; lastKnownFileType = sourcecode.swift; path = AppDelegate.swift; sourceTree = "<group>"; };
		64B6276622F1BFE400EDDBD9 /* ViewController.swift */ = {isa = PBXFileReference; lastKnownFileType = sourcecode.swift; path = ViewController.swift; sourceTree = "<group>"; };
		64B6276922F1BFE400EDDBD9 /* Base */ = {isa = PBXFileReference; lastKnownFileType = file.storyboard; name = Base; path = Base.lproj/Main.storyboard; sourceTree = "<group>"; };
		64B6276B22F1BFEA00EDDBD9 /* Assets.xcassets */ = {isa = PBXFileReference; lastKnownFileType = folder.assetcatalog; path = Assets.xcassets; sourceTree = "<group>"; };
		64B6276E22F1BFEA00EDDBD9 /* Base */ = {isa = PBXFileReference; lastKnownFileType = file.storyboard; name = Base; path = Base.lproj/LaunchScreen.storyboard; sourceTree = "<group>"; };
		64B6277022F1BFEA00EDDBD9 /* Info.plist */ = {isa = PBXFileReference; lastKnownFileType = text.plist.xml; path = Info.plist; sourceTree = "<group>"; };
		64B6277622F1C0D100EDDBD9 /* GoogleService-Info.plist */ = {isa = PBXFileReference; fileEncoding = 4; lastKnownFileType = text.plist.xml; path = "GoogleService-Info.plist"; sourceTree = "<group>"; };
		64BA7C9522F7011A0063D5A4 /* RequestsManager.swift */ = {isa = PBXFileReference; lastKnownFileType = sourcecode.swift; path = RequestsManager.swift; sourceTree = "<group>"; };
		64BA7C9722F70A440063D5A4 /* WeatherTableViewCell.swift */ = {isa = PBXFileReference; lastKnownFileType = sourcecode.swift; path = WeatherTableViewCell.swift; sourceTree = "<group>"; };
		64EB615122F1D98D0020C52C /* SignUpViewController.swift */ = {isa = PBXFileReference; lastKnownFileType = sourcecode.swift; path = SignUpViewController.swift; sourceTree = "<group>"; };
		7A12419D5AC57EC688DB3E0C /* Pods-MyNews.debug.xcconfig */ = {isa = PBXFileReference; includeInIndex = 1; lastKnownFileType = text.xcconfig; name = "Pods-MyNews.debug.xcconfig"; path = "Target Support Files/Pods-MyNews/Pods-MyNews.debug.xcconfig"; sourceTree = "<group>"; };
		F1E572535EBD6ED93FBA369A /* Pods_MyNews.framework */ = {isa = PBXFileReference; explicitFileType = wrapper.framework; includeInIndex = 0; path = Pods_MyNews.framework; sourceTree = BUILT_PRODUCTS_DIR; };
/* End PBXFileReference section */

/* Begin PBXFrameworksBuildPhase section */
		64B6275E22F1BFE400EDDBD9 /* Frameworks */ = {
			isa = PBXFrameworksBuildPhase;
			buildActionMask = 2147483647;
			files = (
				2577E0D5BD07E24A9F67D1B8 /* Pods_MyNews.framework in Frameworks */,
			);
			runOnlyForDeploymentPostprocessing = 0;
		};
/* End PBXFrameworksBuildPhase section */

/* Begin PBXGroup section */
		466D8980C12412DED4ECB67F /* Frameworks */ = {
			isa = PBXGroup;
			children = (
				F1E572535EBD6ED93FBA369A /* Pods_MyNews.framework */,
			);
			name = Frameworks;
			sourceTree = "<group>";
		};
		6414012922F4591B003241A7 /* Controller */ = {
			isa = PBXGroup;
			children = (
				64EB615122F1D98D0020C52C /* SignUpViewController.swift */,
				64491F7122F33FAE009360DF /* HomeViewController.swift */,
				64491F7322F33FBF009360DF /* MenuViewController.swift */,
				6414012522F458FB003241A7 /* WeatherViewController.swift */,
				6414012322F458EC003241A7 /* SourcesViewController.swift */,
				6414012722F45909003241A7 /* ProfileViewController.swift */,
				64491F7522F33FFA009360DF /* ContainerViewController.swift */,
				6414012122F458D2003241A7 /* NewsViewController.swift */,
			);
			path = Controller;
			sourceTree = "<group>";
		};
		64B6275822F1BFE400EDDBD9 = {
			isa = PBXGroup;
			children = (
				64B6276322F1BFE400EDDBD9 /* MyNews */,
				64B6276222F1BFE400EDDBD9 /* Products */,
				D7B8542E0D95C4BD9A3983C3 /* Pods */,
				466D8980C12412DED4ECB67F /* Frameworks */,
			);
			sourceTree = "<group>";
		};
		64B6276222F1BFE400EDDBD9 /* Products */ = {
			isa = PBXGroup;
			children = (
				64B6276122F1BFE400EDDBD9 /* MyNews.app */,
			);
			name = Products;
			sourceTree = "<group>";
		};
		64B6276322F1BFE400EDDBD9 /* MyNews */ = {
			isa = PBXGroup;
			children = (
				64B6276422F1BFE400EDDBD9 /* AppDelegate.swift */,
				64B6276622F1BFE400EDDBD9 /* ViewController.swift */,
				6414012922F4591B003241A7 /* Controller */,
				64B6276822F1BFE400EDDBD9 /* Main.storyboard */,
				64B6276B22F1BFEA00EDDBD9 /* Assets.xcassets */,
				6414011F22F43D1E003241A7 /* MenuTableViewCell.swift */,
				64B6277622F1C0D100EDDBD9 /* GoogleService-Info.plist */,
				64BA7C9722F70A440063D5A4 /* WeatherTableViewCell.swift */,
				64B0A2F922F9F2C900B27029 /* LoadingCell.swift */,
				6436FB4722F85B2100022432 /* SourcesCell.swift */,
				6414012A22F48AD8003241A7 /* CountryCell.swift */,
				64B0A2F722F9F21F00B27029 /* LoadingCell.xib */,
				6422F3AF22F8B6F0005A625C /* NewsCell.swift */,
				64BA7C9522F7011A0063D5A4 /* RequestsManager.swift */,
				64B6276D22F1BFEA00EDDBD9 /* LaunchScreen.storyboard */,
				64491F7722F347EF009360DF /* Protocols.swift */,
				64B6277022F1BFEA00EDDBD9 /* Info.plist */,
			);
			path = MyNews;
			sourceTree = "<group>";
		};
		D7B8542E0D95C4BD9A3983C3 /* Pods */ = {
			isa = PBXGroup;
			children = (
				7A12419D5AC57EC688DB3E0C /* Pods-MyNews.debug.xcconfig */,
				203954362D0941B20C929CDF /* Pods-MyNews.release.xcconfig */,
			);
			path = Pods;
			sourceTree = "<group>";
		};
/* End PBXGroup section */

/* Begin PBXNativeTarget section */
		64B6276022F1BFE400EDDBD9 /* MyNews */ = {
			isa = PBXNativeTarget;
			buildConfigurationList = 64B6277322F1BFEA00EDDBD9 /* Build configuration list for PBXNativeTarget "MyNews" */;
			buildPhases = (
				303C36BC92BADCA9A7D7A82F /* [CP] Check Pods Manifest.lock */,
				64B6275D22F1BFE400EDDBD9 /* Sources */,
				64B6275E22F1BFE400EDDBD9 /* Frameworks */,
				64B6275F22F1BFE400EDDBD9 /* Resources */,
				328EB42B15AC5BBD54BD3259 /* [CP] Embed Pods Frameworks */,
			);
			buildRules = (
			);
			dependencies = (
			);
			name = MyNews;
			productName = MyNews;
			productReference = 64B6276122F1BFE400EDDBD9 /* MyNews.app */;
			productType = "com.apple.product-type.application";
		};
/* End PBXNativeTarget section */

/* Begin PBXProject section */
		64B6275922F1BFE400EDDBD9 /* Project object */ = {
			isa = PBXProject;
			attributes = {
				LastSwiftUpdateCheck = 1020;
				LastUpgradeCheck = 1020;
				ORGANIZATIONNAME = "Yaroslava HLIBOCHKO";
				TargetAttributes = {
					64B6276022F1BFE400EDDBD9 = {
						CreatedOnToolsVersion = 10.2.1;
					};
				};
			};
			buildConfigurationList = 64B6275C22F1BFE400EDDBD9 /* Build configuration list for PBXProject "MyNews" */;
			compatibilityVersion = "Xcode 9.3";
			developmentRegion = en;
			hasScannedForEncodings = 0;
			knownRegions = (
				en,
				Base,
			);
			mainGroup = 64B6275822F1BFE400EDDBD9;
			productRefGroup = 64B6276222F1BFE400EDDBD9 /* Products */;
			projectDirPath = "";
			projectRoot = "";
			targets = (
				64B6276022F1BFE400EDDBD9 /* MyNews */,
			);
		};
/* End PBXProject section */

/* Begin PBXResourcesBuildPhase section */
		64B6275F22F1BFE400EDDBD9 /* Resources */ = {
			isa = PBXResourcesBuildPhase;
			buildActionMask = 2147483647;
			files = (
				64B6276F22F1BFEA00EDDBD9 /* LaunchScreen.storyboard in Resources */,
				64B6277722F1C0D100EDDBD9 /* GoogleService-Info.plist in Resources */,
				64B6276C22F1BFEA00EDDBD9 /* Assets.xcassets in Resources */,
				64B0A2F822F9F22000B27029 /* LoadingCell.xib in Resources */,
				64B6276A22F1BFE400EDDBD9 /* Main.storyboard in Resources */,
			);
			runOnlyForDeploymentPostprocessing = 0;
		};
/* End PBXResourcesBuildPhase section */

/* Begin PBXShellScriptBuildPhase section */
		303C36BC92BADCA9A7D7A82F /* [CP] Check Pods Manifest.lock */ = {
			isa = PBXShellScriptBuildPhase;
			buildActionMask = 2147483647;
			files = (
			);
			inputFileListPaths = (
			);
			inputPaths = (
				"${PODS_PODFILE_DIR_PATH}/Podfile.lock",
				"${PODS_ROOT}/Manifest.lock",
			);
			name = "[CP] Check Pods Manifest.lock";
			outputFileListPaths = (
			);
			outputPaths = (
				"$(DERIVED_FILE_DIR)/Pods-MyNews-checkManifestLockResult.txt",
			);
			runOnlyForDeploymentPostprocessing = 0;
			shellPath = /bin/sh;
			shellScript = "diff \"${PODS_PODFILE_DIR_PATH}/Podfile.lock\" \"${PODS_ROOT}/Manifest.lock\" > /dev/null\nif [ $? != 0 ] ; then\n    # print error to STDERR\n    echo \"error: The sandbox is not in sync with the Podfile.lock. Run 'pod install' or update your CocoaPods installation.\" >&2\n    exit 1\nfi\n# This output is used by Xcode 'outputs' to avoid re-running this script phase.\necho \"SUCCESS\" > \"${SCRIPT_OUTPUT_FILE_0}\"\n";
			showEnvVarsInLog = 0;
		};
		328EB42B15AC5BBD54BD3259 /* [CP] Embed Pods Frameworks */ = {
			isa = PBXShellScriptBuildPhase;
			buildActionMask = 2147483647;
			files = (
			);
			inputFileListPaths = (
				"${PODS_ROOT}/Target Support Files/Pods-MyNews/Pods-MyNews-frameworks-${CONFIGURATION}-input-files.xcfilelist",
			);
			name = "[CP] Embed Pods Frameworks";
			outputFileListPaths = (
				"${PODS_ROOT}/Target Support Files/Pods-MyNews/Pods-MyNews-frameworks-${CONFIGURATION}-output-files.xcfilelist",
			);
			runOnlyForDeploymentPostprocessing = 0;
			shellPath = /bin/sh;
			shellScript = "\"${PODS_ROOT}/Target Support Files/Pods-MyNews/Pods-MyNews-frameworks.sh\"\n";
			showEnvVarsInLog = 0;
		};
/* End PBXShellScriptBuildPhase section */

/* Begin PBXSourcesBuildPhase section */
		64B6275D22F1BFE400EDDBD9 /* Sources */ = {
			isa = PBXSourcesBuildPhase;
			buildActionMask = 2147483647;
			files = (
				64EB615222F1D98D0020C52C /* SignUpViewController.swift in Sources */,
				6414012622F458FB003241A7 /* WeatherViewController.swift in Sources */,
				6436FB4822F85B2100022432 /* SourcesCell.swift in Sources */,
				64491F7622F33FFA009360DF /* ContainerViewController.swift in Sources */,
				6414012222F458D2003241A7 /* NewsViewController.swift in Sources */,
				6414012422F458EC003241A7 /* SourcesViewController.swift in Sources */,
				64BA7C9622F7011A0063D5A4 /* RequestsManager.swift in Sources */,
				6414012B22F48AD8003241A7 /* CountryCell.swift in Sources */,
				64BA7C9822F70A440063D5A4 /* WeatherTableViewCell.swift in Sources */,
				6422F3B022F8B6F1005A625C /* NewsCell.swift in Sources */,
				64B6276722F1BFE400EDDBD9 /* ViewController.swift in Sources */,
				64491F7422F33FBF009360DF /* MenuViewController.swift in Sources */,
				6414012022F43D1E003241A7 /* MenuTableViewCell.swift in Sources */,
				64B6276522F1BFE400EDDBD9 /* AppDelegate.swift in Sources */,
				6414012822F45909003241A7 /* ProfileViewController.swift in Sources */,
				64491F7222F33FAE009360DF /* HomeViewController.swift in Sources */,
				64491F7822F347EF009360DF /* Protocols.swift in Sources */,
				64B0A2FA22F9F2C900B27029 /* LoadingCell.swift in Sources */,
			);
			runOnlyForDeploymentPostprocessing = 0;
		};
/* End PBXSourcesBuildPhase section */

/* Begin PBXVariantGroup section */
		64B6276822F1BFE400EDDBD9 /* Main.storyboard */ = {
			isa = PBXVariantGroup;
			children = (
				64B6276922F1BFE400EDDBD9 /* Base */,
			);
			name = Main.storyboard;
			sourceTree = "<group>";
		};
		64B6276D22F1BFEA00EDDBD9 /* LaunchScreen.storyboard */ = {
			isa = PBXVariantGroup;
			children = (
				64B6276E22F1BFEA00EDDBD9 /* Base */,
			);
			name = LaunchScreen.storyboard;
			sourceTree = "<group>";
		};
/* End PBXVariantGroup section */

/* Begin XCBuildConfiguration section */
		64B6277122F1BFEA00EDDBD9 /* Debug */ = {
			isa = XCBuildConfiguration;
			buildSettings = {
				ALWAYS_SEARCH_USER_PATHS = NO;
				CLANG_ANALYZER_NONNULL = YES;
				CLANG_ANALYZER_NUMBER_OBJECT_CONVERSION = YES_AGGRESSIVE;
				CLANG_CXX_LANGUAGE_STANDARD = "gnu++14";
				CLANG_CXX_LIBRARY = "libc++";
				CLANG_ENABLE_MODULES = YES;
				CLANG_ENABLE_OBJC_ARC = YES;
				CLANG_ENABLE_OBJC_WEAK = YES;
				CLANG_WARN_BLOCK_CAPTURE_AUTORELEASING = YES;
				CLANG_WARN_BOOL_CONVERSION = YES;
				CLANG_WARN_COMMA = YES;
				CLANG_WARN_CONSTANT_CONVERSION = YES;
				CLANG_WARN_DEPRECATED_OBJC_IMPLEMENTATIONS = YES;
				CLANG_WARN_DIRECT_OBJC_ISA_USAGE = YES_ERROR;
				CLANG_WARN_DOCUMENTATION_COMMENTS = YES;
				CLANG_WARN_EMPTY_BODY = YES;
				CLANG_WARN_ENUM_CONVERSION = YES;
				CLANG_WARN_INFINITE_RECURSION = YES;
				CLANG_WARN_INT_CONVERSION = YES;
				CLANG_WARN_NON_LITERAL_NULL_CONVERSION = YES;
				CLANG_WARN_OBJC_IMPLICIT_RETAIN_SELF = YES;
				CLANG_WARN_OBJC_LITERAL_CONVERSION = YES;
				CLANG_WARN_OBJC_ROOT_CLASS = YES_ERROR;
				CLANG_WARN_RANGE_LOOP_ANALYSIS = YES;
				CLANG_WARN_STRICT_PROTOTYPES = YES;
				CLANG_WARN_SUSPICIOUS_MOVE = YES;
				CLANG_WARN_UNGUARDED_AVAILABILITY = YES_AGGRESSIVE;
				CLANG_WARN_UNREACHABLE_CODE = YES;
				CLANG_WARN__DUPLICATE_METHOD_MATCH = YES;
				CODE_SIGN_IDENTITY = "iPhone Developer";
				COPY_PHASE_STRIP = NO;
				DEBUG_INFORMATION_FORMAT = dwarf;
				ENABLE_STRICT_OBJC_MSGSEND = YES;
				ENABLE_TESTABILITY = YES;
				GCC_C_LANGUAGE_STANDARD = gnu11;
				GCC_DYNAMIC_NO_PIC = NO;
				GCC_NO_COMMON_BLOCKS = YES;
				GCC_OPTIMIZATION_LEVEL = 0;
				GCC_PREPROCESSOR_DEFINITIONS = (
					"DEBUG=1",
					"$(inherited)",
				);
				GCC_WARN_64_TO_32_BIT_CONVERSION = YES;
				GCC_WARN_ABOUT_RETURN_TYPE = YES_ERROR;
				GCC_WARN_UNDECLARED_SELECTOR = YES;
				GCC_WARN_UNINITIALIZED_AUTOS = YES_AGGRESSIVE;
				GCC_WARN_UNUSED_FUNCTION = YES;
				GCC_WARN_UNUSED_VARIABLE = YES;
				IPHONEOS_DEPLOYMENT_TARGET = 12.2;
				MTL_ENABLE_DEBUG_INFO = INCLUDE_SOURCE;
				MTL_FAST_MATH = YES;
				ONLY_ACTIVE_ARCH = YES;
				SDKROOT = iphoneos;
				SWIFT_ACTIVE_COMPILATION_CONDITIONS = DEBUG;
				SWIFT_OPTIMIZATION_LEVEL = "-Onone";
			};
			name = Debug;
		};
		64B6277222F1BFEA00EDDBD9 /* Release */ = {
			isa = XCBuildConfiguration;
			buildSettings = {
				ALWAYS_SEARCH_USER_PATHS = NO;
				CLANG_ANALYZER_NONNULL = YES;
				CLANG_ANALYZER_NUMBER_OBJECT_CONVERSION = YES_AGGRESSIVE;
				CLANG_CXX_LANGUAGE_STANDARD = "gnu++14";
				CLANG_CXX_LIBRARY = "libc++";
				CLANG_ENABLE_MODULES = YES;
				CLANG_ENABLE_OBJC_ARC = YES;
				CLANG_ENABLE_OBJC_WEAK = YES;
				CLANG_WARN_BLOCK_CAPTURE_AUTORELEASING = YES;
				CLANG_WARN_BOOL_CONVERSION = YES;
				CLANG_WARN_COMMA = YES;
				CLANG_WARN_CONSTANT_CONVERSION = YES;
				CLANG_WARN_DEPRECATED_OBJC_IMPLEMENTATIONS = YES;
				CLANG_WARN_DIRECT_OBJC_ISA_USAGE = YES_ERROR;
				CLANG_WARN_DOCUMENTATION_COMMENTS = YES;
				CLANG_WARN_EMPTY_BODY = YES;
				CLANG_WARN_ENUM_CONVERSION = YES;
				CLANG_WARN_INFINITE_RECURSION = YES;
				CLANG_WARN_INT_CONVERSION = YES;
				CLANG_WARN_NON_LITERAL_NULL_CONVERSION = YES;
				CLANG_WARN_OBJC_IMPLICIT_RETAIN_SELF = YES;
				CLANG_WARN_OBJC_LITERAL_CONVERSION = YES;
				CLANG_WARN_OBJC_ROOT_CLASS = YES_ERROR;
				CLANG_WARN_RANGE_LOOP_ANALYSIS = YES;
				CLANG_WARN_STRICT_PROTOTYPES = YES;
				CLANG_WARN_SUSPICIOUS_MOVE = YES;
				CLANG_WARN_UNGUARDED_AVAILABILITY = YES_AGGRESSIVE;
				CLANG_WARN_UNREACHABLE_CODE = YES;
				CLANG_WARN__DUPLICATE_METHOD_MATCH = YES;
				CODE_SIGN_IDENTITY = "iPhone Developer";
				COPY_PHASE_STRIP = NO;
				DEBUG_INFORMATION_FORMAT = "dwarf-with-dsym";
				ENABLE_NS_ASSERTIONS = NO;
				ENABLE_STRICT_OBJC_MSGSEND = YES;
				GCC_C_LANGUAGE_STANDARD = gnu11;
				GCC_NO_COMMON_BLOCKS = YES;
				GCC_WARN_64_TO_32_BIT_CONVERSION = YES;
				GCC_WARN_ABOUT_RETURN_TYPE = YES_ERROR;
				GCC_WARN_UNDECLARED_SELECTOR = YES;
				GCC_WARN_UNINITIALIZED_AUTOS = YES_AGGRESSIVE;
				GCC_WARN_UNUSED_FUNCTION = YES;
				GCC_WARN_UNUSED_VARIABLE = YES;
				IPHONEOS_DEPLOYMENT_TARGET = 12.2;
				MTL_ENABLE_DEBUG_INFO = NO;
				MTL_FAST_MATH = YES;
				SDKROOT = iphoneos;
				SWIFT_COMPILATION_MODE = wholemodule;
				SWIFT_OPTIMIZATION_LEVEL = "-O";
				VALIDATE_PRODUCT = YES;
			};
			name = Release;
		};
		64B6277422F1BFEA00EDDBD9 /* Debug */ = {
			isa = XCBuildConfiguration;
			baseConfigurationReference = 7A12419D5AC57EC688DB3E0C /* Pods-MyNews.debug.xcconfig */;
			buildSettings = {
				ASSETCATALOG_COMPILER_APPICON_NAME = AppIcon;
				CODE_SIGN_STYLE = Automatic;
				DEVELOPMENT_TEAM = VT5BZ37CZN;
				INFOPLIST_FILE = MyNews/Info.plist;
				LD_RUNPATH_SEARCH_PATHS = (
					"$(inherited)",
					"@executable_path/Frameworks",
				);
				PRODUCT_BUNDLE_IDENTIFIER = "mynews-36cdf";
				PRODUCT_NAME = "$(TARGET_NAME)";
				SWIFT_VERSION = 5.0;
				TARGETED_DEVICE_FAMILY = "1,2";
			};
			name = Debug;
		};
		64B6277522F1BFEA00EDDBD9 /* Release */ = {
			isa = XCBuildConfiguration;
			baseConfigurationReference = 203954362D0941B20C929CDF /* Pods-MyNews.release.xcconfig */;
			buildSettings = {
				ASSETCATALOG_COMPILER_APPICON_NAME = AppIcon;
				CODE_SIGN_STYLE = Automatic;
				DEVELOPMENT_TEAM = VT5BZ37CZN;
				INFOPLIST_FILE = MyNews/Info.plist;
				LD_RUNPATH_SEARCH_PATHS = (
					"$(inherited)",
					"@executable_path/Frameworks",
				);
				PRODUCT_BUNDLE_IDENTIFIER = "mynews-36cdf";
				PRODUCT_NAME = "$(TARGET_NAME)";
				SWIFT_VERSION = 5.0;
				TARGETED_DEVICE_FAMILY = "1,2";
			};
			name = Release;
		};
/* End XCBuildConfiguration section */

/* Begin XCConfigurationList section */
		64B6275C22F1BFE400EDDBD9 /* Build configuration list for PBXProject "MyNews" */ = {
			isa = XCConfigurationList;
			buildConfigurations = (
				64B6277122F1BFEA00EDDBD9 /* Debug */,
				64B6277222F1BFEA00EDDBD9 /* Release */,
			);
			defaultConfigurationIsVisible = 0;
			defaultConfigurationName = Release;
		};
		64B6277322F1BFEA00EDDBD9 /* Build configuration list for PBXNativeTarget "MyNews" */ = {
			isa = XCConfigurationList;
			buildConfigurations = (
				64B6277422F1BFEA00EDDBD9 /* Debug */,
				64B6277522F1BFEA00EDDBD9 /* Release */,
			);
			defaultConfigurationIsVisible = 0;
			defaultConfigurationName = Release;
		};
/* End XCConfigurationList section */
	};
	rootObject = 64B6275922F1BFE400EDDBD9 /* Project object */;
}
